
Microsoft Visual Studio Solution File, Format Version 12.00
# Visual Studio Version 17
VisualStudioVersion = 17.0.32014.148
MinimumVisualStudioVersion = 10.0.40219.1
Project("{778DAE3C-4631-46EA-AA77-85C1314464D9}") = "Passbolt.NET", "PassboltAPI.NET\Passbolt.NET.vbproj", "{95B5BBDE-3C6A-4E84-AFD2-E827E70D9B65}"
EndProject
Project("{778DAE3C-4631-46EA-AA77-85C1314464D9}") = "Passbolt.NET_Sample", "PassboltAPI.NET_Sample\Passbolt.NET_Sample.vbproj", "{289F0CBC-1410-4164-AE5E-FBB12C6DAA94}"
EndProject
Global
	GlobalSection(SolutionConfigurationPlatforms) = preSolution
		Debug|Any CPU = Debug|Any CPU
		Release|Any CPU = Release|Any CPU
	EndGlobalSection
	GlobalSection(ProjectConfigurationPlatforms) = postSolution
		{95B5BBDE-3C6A-4E84-AFD2-E827E70D9B65}.Debug|Any CPU.ActiveCfg = Debug|Any CPU
		{95B5BBDE-3C6A-4E84-AFD2-E827E70D9B65}.Debug|Any CPU.Build.0 = Debug|Any CPU
		{95B5BBDE-3C6A-4E84-AFD2-E827E70D9B65}.Release|Any CPU.ActiveCfg = Release|Any CPU
		{95B5BBDE-3C6A-4E84-AFD2-E827E70D9B65}.Release|Any CPU.Build.0 = Release|Any CPU
		{289F0CBC-1410-4164-AE5E-FBB12C6DAA94}.Debug|Any CPU.ActiveCfg = Debug|Any CPU
		{289F0CBC-1410-4164-AE5E-FBB12C6DAA94}.Debug|Any CPU.Build.0 = Debug|Any CPU
		{289F0CBC-1410-4164-AE5E-FBB12C6DAA94}.Release|Any CPU.ActiveCfg = Release|Any CPU
		{289F0CBC-1410-4164-AE5E-FBB12C6DAA94}.Release|Any CPU.Build.0 = Release|Any CPU
	EndGlobalSection
	GlobalSection(SolutionProperties) = preSolution
		HideSolutionNode = FALSE
	EndGlobalSection
	GlobalSection(ExtensibilityGlobals) = postSolution
		SolutionGuid = {4560EEF0-7BDD-4ADA-AF18-EB86BD54209A}
	EndGlobalSection
EndGlobal
